
Microsoft Visual Studio Solution File, Format Version 12.00
# Visual Studio Version 17
VisualStudioVersion = 17.2.32602.215
MinimumVisualStudioVersion = 10.0.40219.1
Project("{FAE04EC0-301F-11D3-BF4B-00C04F79EFBC}") = "MvcNews", "MvcNews\MvcNews.csproj", "{D7C52E33-647A-4467-809F-5513D3FB6E5A}"
EndProject
Global
	GlobalSection(SolutionConfigurationPlatforms) = preSolution
		Debug|Any CPU = Debug|Any CPU
		Release|Any CPU = Release|Any CPU
	EndGlobalSection
	GlobalSection(ProjectConfigurationPlatforms) = postSolution
		{D7C52E33-647A-4467-809F-5513D3FB6E5A}.Debug|Any CPU.ActiveCfg = Debug|Any CPU
		{D7C52E33-647A-4467-809F-5513D3FB6E5A}.Debug|Any CPU.Build.0 = Debug|Any CPU
		{D7C52E33-647A-4467-809F-5513D3FB6E5A}.Release|Any CPU.ActiveCfg = Release|Any CPU
		{D7C52E33-647A-4467-809F-5513D3FB6E5A}.Release|Any CPU.Build.0 = Release|Any CPU
	EndGlobalSection
	GlobalSection(SolutionProperties) = preSolution
		HideSolutionNode = FALSE
	EndGlobalSection
	GlobalSection(ExtensibilityGlobals) = postSolution
		SolutionGuid = {54B104F7-FC46-4ED3-B54A-86260C4DA0AA}
	EndGlobalSection
EndGlobal
